PODS:
  - Flutter (1.0.0)
  - flutter_tencent_faceid (1.1.2):
    - Flutter

DEPENDENCIES:
  - Flutter (from `Flutter`)
  - flutter_tencent_faceid (from `.symlinks/plugins/flutter_tencent_faceid/ios`)

EXTERNAL SOURCES:
  Flutter:
    :path: Flutter
  flutter_tencent_faceid:
    :path: ".symlinks/plugins/flutter_tencent_faceid/ios"

SPEC CHECKSUMS:
  Flutter: cabc95a1d2626b1b06e7179b784ebcf0c0cde467
  flutter_tencent_faceid: 3b5ab80d385f5bab080a26bbc9335127f763525d

PODFILE CHECKSUM: 0a7fcd92e8198bbdd67ecb4385b2bc4b0005a9ef

COCOAPODS: 1.16.2
